
Microsoft Visual Studio Solution File, Format Version 12.00
# Visual Studio Version 17
VisualStudioVersion = 17.14.36414.22
MinimumVisualStudioVersion = 10.0.40219.1
Project("{FAE04EC0-301F-11D3-BF4B-00C04F79EFBC}") = "APICatalogo", "APICatalogo\APICatalogo.csproj", "{506FE486-8379-4FFB-8D44-C874D3816249}"
EndProject
Project("{FAE04EC0-301F-11D3-BF4B-00C04F79EFBC}") = "APICatalogoXUnit", "APICatalogoXUnit\APICatalogoXUnit.csproj", "{557CBB84-BC8B-4787-AEDE-0EEFE9B492D0}"
EndProject
Global
	GlobalSection(SolutionConfigurationPlatforms) = preSolution
		Debug|Any CPU = Debug|Any CPU
		Release|Any CPU = Release|Any CPU
	EndGlobalSection
	GlobalSection(ProjectConfigurationPlatforms) = postSolution
		{506FE486-8379-4FFB-8D44-C874D3816249}.Debug|Any CPU.ActiveCfg = Debug|Any CPU
		{506FE486-8379-4FFB-8D44-C874D3816249}.Debug|Any CPU.Build.0 = Debug|Any CPU
		{506FE486-8379-4FFB-8D44-C874D3816249}.Release|Any CPU.ActiveCfg = Release|Any CPU
		{506FE486-8379-4FFB-8D44-C874D3816249}.Release|Any CPU.Build.0 = Release|Any CPU
		{557CBB84-BC8B-4787-AEDE-0EEFE9B492D0}.Debug|Any CPU.ActiveCfg = Debug|Any CPU
		{557CBB84-BC8B-4787-AEDE-0EEFE9B492D0}.Debug|Any CPU.Build.0 = Debug|Any CPU
		{557CBB84-BC8B-4787-AEDE-0EEFE9B492D0}.Release|Any CPU.ActiveCfg = Release|Any CPU
		{557CBB84-BC8B-4787-AEDE-0EEFE9B492D0}.Release|Any CPU.Build.0 = Release|Any CPU
	EndGlobalSection
	GlobalSection(SolutionProperties) = preSolution
		HideSolutionNode = FALSE
	EndGlobalSection
	GlobalSection(ExtensibilityGlobals) = postSolution
		SolutionGuid = {2430BFA7-A283-4C89-A228-E48EB00C4B44}
	EndGlobalSection
EndGlobal
